{
  "name": "alt-v.blip-system.client",
  "version": "0.0.0",
  "lockfileVersion": 2,
  "requires": true,
  "packages": {
    "": {
      "name": "alt-v.blip-system.client",
      "version": "0.0.0",
      "devDependencies": {
        "@altv/types-client": "^2.3.1",
        "@altv/types-natives": "^1.4.5",
        "@altv/types-shared": "^1.2.8",
        "@types/node": "^18.7.8",
        "typescript": "^4.7.4"
      }
    },
    "node_modules/@altv/types-client": {
      "version": "2.3.1",
      "resolved": "https://registry.npmjs.org/@altv/types-client/-/types-client-2.3.1.tgz",
      "integrity": "sha512-j75fMX+5q1SNoOb9hCvd4l/cRIRXfZ9PSAi/r2nSdjE0Swu9G0eOjamblwfns44ZwTC8TtC3B6zxkNzo9ZPHgQ==",
      "dev": true,
      "peerDependencies": {
        "@altv/types-shared": "1.2.x",
        "@altv/types-worker": "1.0.x"
      }
    },
    "node_modules/@altv/types-natives": {
      "version": "1.4.5",
      "resolved": "https://registry.npmjs.org/@altv/types-natives/-/types-natives-1.4.5.tgz",
      "integrity": "sha512-5cy+NmZP5RzkTZbPtjz9tDR5lRMVbczwkaHDjPyJWAQm78/pKH/2gkt2/RcpC5BJ4mUkEZ5+VgJM0D2JhbjtuA==",
      "dev": true,
      "peerDependencies": {
        "@altv/types-client": ">=1.7.0"
      }
    },
    "node_modules/@altv/types-shared": {
      "version": "1.2.8",
      "resolved": "https://registry.npmjs.org/@altv/types-shared/-/types-shared-1.2.8.tgz",
      "integrity": "sha512-JUN4hyuSSdbeUrfkPag+9p0HHZCJXUiHqpliAoqbSpGf0lxqlH9YJBmlkKrgYb5Hc1KmUruXljh1Xay8wOy9+Q==",
      "dev": true
    },
    "node_modules/@altv/types-worker": {
      "version": "1.0.7",
      "resolved": "https://registry.npmjs.org/@altv/types-worker/-/types-worker-1.0.7.tgz",
      "integrity": "sha512-mImzn79l5w1/T16sZU0F7pI/hehY84tUe0PNu5Q/1S0B2OsINntAFU/RxLIe5XhSepVg0zlF2ZaISZfLcdQlLA==",
      "dev": true,
      "peer": true,
      "peerDependencies": {
        "@altv/types-client": "latest"
      }
    },
    "node_modules/@types/node": {
      "version": "18.7.8",
      "resolved": "https://registry.npmjs.org/@types/node/-/node-18.7.8.tgz",
      "integrity": "sha512-/YP55EMK2341JkODUb8DM9O0x1SIz2aBvyF33Uf1c76St3VpsMXEIW0nxuKkq/5cxnbz0RD9cfwNZHEAZQD3ag==",
      "dev": true
    },
    "node_modules/typescript": {
      "version": "4.7.4",
      "resolved": "https://registry.npmjs.org/typescript/-/typescript-4.7.4.tgz",
      "integrity": "sha512-C0WQT0gezHuw6AdY1M2jxUO83Rjf0HP7Sk1DtXj6j1EwkQNZrHAg2XPWlq62oqEhYvONq5pkC2Y9oPljWToLmQ==",
      "dev": true,
      "bin": {
        "tsc": "bin/tsc",
        "tsserver": "bin/tsserver"
      },
      "engines": {
        "node": ">=4.2.0"
      }
    }
  },
  "dependencies": {
    "@altv/types-client": {
      "version": "2.3.1",
      "resolved": "https://registry.npmjs.org/@altv/types-client/-/types-client-2.3.1.tgz",
      "integrity": "sha512-j75fMX+5q1SNoOb9hCvd4l/cRIRXfZ9PSAi/r2nSdjE0Swu9G0eOjamblwfns44ZwTC8TtC3B6zxkNzo9ZPHgQ==",
      "dev": true,
      "requires": {}
    },
    "@altv/types-natives": {
      "version": "1.4.5",
      "resolved": "https://registry.npmjs.org/@altv/types-natives/-/types-natives-1.4.5.tgz",
      "integrity": "sha512-5cy+NmZP5RzkTZbPtjz9tDR5lRMVbczwkaHDjPyJWAQm78/pKH/2gkt2/RcpC5BJ4mUkEZ5+VgJM0D2JhbjtuA==",
      "dev": true,
      "requires": {}
    },
    "@altv/types-shared": {
      "version": "1.2.8",
      "resolved": "https://registry.npmjs.org/@altv/types-shared/-/types-shared-1.2.8.tgz",
      "integrity": "sha512-JUN4hyuSSdbeUrfkPag+9p0HHZCJXUiHqpliAoqbSpGf0lxqlH9YJBmlkKrgYb5Hc1KmUruXljh1Xay8wOy9+Q==",
      "dev": true
    },
    "@altv/types-worker": {
      "version": "1.0.7",
      "resolved": "https://registry.npmjs.org/@altv/types-worker/-/types-worker-1.0.7.tgz",
      "integrity": "sha512-mImzn79l5w1/T16sZU0F7pI/hehY84tUe0PNu5Q/1S0B2OsINntAFU/RxLIe5XhSepVg0zlF2ZaISZfLcdQlLA==",
      "dev": true,
      "peer": true,
      "requires": {}
    },
    "@types/node": {
      "version": "18.7.8",
      "resolved": "https://registry.npmjs.org/@types/node/-/node-18.7.8.tgz",
      "integrity": "sha512-/YP55EMK2341JkODUb8DM9O0x1SIz2aBvyF33Uf1c76St3VpsMXEIW0nxuKkq/5cxnbz0RD9cfwNZHEAZQD3ag==",
      "dev": true
    },
    "typescript": {
      "version": "4.7.4",
      "resolved": "https://registry.npmjs.org/typescript/-/typescript-4.7.4.tgz",
      "integrity": "sha512-C0WQT0gezHuw6AdY1M2jxUO83Rjf0HP7Sk1DtXj6j1EwkQNZrHAg2XPWlq62oqEhYvONq5pkC2Y9oPljWToLmQ==",
      "dev": true
    }
  }
}
